// !$*UTF8*$!
{
	archiveVersion = 1;
	classes = {
	};
	objectVersion = 56;
	objects = {

/* Begin PBXBuildFile section */
		27082A462B8F031E0040B42E /* FlightResponse.swift in Sources */ = {isa = PBXBuildFile; fileRef = 27082A452B8F031E0040B42E /* FlightResponse.swift */; };
		279AEBC22B8E7B370027EBF2 /* AppDelegate.swift in Sources */ = {isa = PBXBuildFile; fileRef = 279AEBC12B8E7B370027EBF2 /* AppDelegate.swift */; };
		279AEBC42B8E7B370027EBF2 /* SceneDelegate.swift in Sources */ = {isa = PBXBuildFile; fileRef = 279AEBC32B8E7B370027EBF2 /* SceneDelegate.swift */; };
		279AEBC62B8E7B370027EBF2 /* ViewController.swift in Sources */ = {isa = PBXBuildFile; fileRef = 279AEBC52B8E7B370027EBF2 /* ViewController.swift */; };
		279AEBC92B8E7B370027EBF2 /* Main.storyboard in Resources */ = {isa = PBXBuildFile; fileRef = 279AEBC72B8E7B370027EBF2 /* Main.storyboard */; };
		279AEBCB2B8E7B380027EBF2 /* Assets.xcassets in Resources */ = {isa = PBXBuildFile; fileRef = 279AEBCA2B8E7B380027EBF2 /* Assets.xcassets */; };
		279AEBCE2B8E7B380027EBF2 /* LaunchScreen.storyboard in Resources */ = {isa = PBXBuildFile; fileRef = 279AEBCC2B8E7B380027EBF2 /* LaunchScreen.storyboard */; };
		279AEBD72B8E7B7B0027EBF2 /* NetworkManager.swift in Sources */ = {isa = PBXBuildFile; fileRef = 279AEBD62B8E7B7A0027EBF2 /* NetworkManager.swift */; };
		279AEBD92B8E7CB00027EBF2 /* NetworkUtil.swift in Sources */ = {isa = PBXBuildFile; fileRef = 279AEBD82B8E7CB00027EBF2 /* NetworkUtil.swift */; };
		279AEBDB2B8E95A00027EBF2 /* FlightViewModel.swift in Sources */ = {isa = PBXBuildFile; fileRef = 279AEBDA2B8E95A00027EBF2 /* FlightViewModel.swift */; };
/* End PBXBuildFile section */

/* Begin PBXFileReference section */
		27082A452B8F031E0040B42E /* FlightResponse.swift */ = {isa = PBXFileReference; lastKnownFileType = sourcecode.swift; path = FlightResponse.swift; sourceTree = "<group>"; };
		279AEBBE2B8E7B370027EBF2 /* AzApi.app */ = {isa = PBXFileReference; explicitFileType = wrapper.application; includeInIndex = 0; path = AzApi.app; sourceTree = BUILT_PRODUCTS_DIR; };
		279AEBC12B8E7B370027EBF2 /* AppDelegate.swift */ = {isa = PBXFileReference; lastKnownFileType = sourcecode.swift; path = AppDelegate.swift; sourceTree = "<group>"; };
		279AEBC32B8E7B370027EBF2 /* SceneDelegate.swift */ = {isa = PBXFileReference; lastKnownFileType = sourcecode.swift; path = SceneDelegate.swift; sourceTree = "<group>"; };
		279AEBC52B8E7B370027EBF2 /* ViewController.swift */ = {isa = PBXFileReference; lastKnownFileType = sourcecode.swift; path = ViewController.swift; sourceTree = "<group>"; };
		279AEBC82B8E7B370027EBF2 /* Base */ = {isa = PBXFileReference; lastKnownFileType = file.storyboard; name = Base; path = Base.lproj/Main.storyboard; sourceTree = "<group>"; };
		279AEBCA2B8E7B380027EBF2 /* Assets.xcassets */ = {isa = PBXFileReference; lastKnownFileType = folder.assetcatalog; path = Assets.xcassets; sourceTree = "<group>"; };
		279AEBCD2B8E7B380027EBF2 /* Base */ = {isa = PBXFileReference; lastKnownFileType = file.storyboard; name = Base; path = Base.lproj/LaunchScreen.storyboard; sourceTree = "<group>"; };
		279AEBCF2B8E7B380027EBF2 /* Info.plist */ = {isa = PBXFileReference; lastKnownFileType = text.plist.xml; path = Info.plist; sourceTree = "<group>"; };
		279AEBD62B8E7B7A0027EBF2 /* NetworkManager.swift */ = {isa = PBXFileReference; lastKnownFileType = sourcecode.swift; path = NetworkManager.swift; sourceTree = "<group>"; };
		279AEBD82B8E7CB00027EBF2 /* NetworkUtil.swift */ = {isa = PBXFileReference; lastKnownFileType = sourcecode.swift; path = NetworkUtil.swift; sourceTree = "<group>"; };
		279AEBDA2B8E95A00027EBF2 /* FlightViewModel.swift */ = {isa = PBXFileReference; lastKnownFileType = sourcecode.swift; path = FlightViewModel.swift; sourceTree = "<group>"; };
/* End PBXFileReference section */

/* Begin PBXFrameworksBuildPhase section */
		279AEBBB2B8E7B370027EBF2 /* Frameworks */ = {
			isa = PBXFrameworksBuildPhase;
			buildActionMask = 2147483647;
			files = (
			);
			runOnlyForDeploymentPostprocessing = 0;
		};
/* End PBXFrameworksBuildPhase section */

/* Begin PBXGroup section */
		27082A442B8F03010040B42E /* model */ = {
			isa = PBXGroup;
			children = (
				27082A452B8F031E0040B42E /* FlightResponse.swift */,
			);
			path = model;
			sourceTree = "<group>";
		};
		279AEBB52B8E7B370027EBF2 = {
			isa = PBXGroup;
			children = (
				279AEBC02B8E7B370027EBF2 /* AzApi */,
				279AEBBF2B8E7B370027EBF2 /* Products */,
			);
			sourceTree = "<group>";
		};
		279AEBBF2B8E7B370027EBF2 /* Products */ = {
			isa = PBXGroup;
			children = (
				279AEBBE2B8E7B370027EBF2 /* AzApi.app */,
			);
			name = Products;
			sourceTree = "<group>";
		};
		279AEBC02B8E7B370027EBF2 /* AzApi */ = {
			isa = PBXGroup;
			children = (
				27082A442B8F03010040B42E /* model */,
				279AEBD52B8E7B510027EBF2 /* network */,
				279AEBC12B8E7B370027EBF2 /* AppDelegate.swift */,
				279AEBDA2B8E95A00027EBF2 /* FlightViewModel.swift */,
				279AEBC32B8E7B370027EBF2 /* SceneDelegate.swift */,
				279AEBC52B8E7B370027EBF2 /* ViewController.swift */,
				279AEBC72B8E7B370027EBF2 /* Main.storyboard */,
				279AEBCA2B8E7B380027EBF2 /* Assets.xcassets */,
				279AEBCC2B8E7B380027EBF2 /* LaunchScreen.storyboard */,
				279AEBCF2B8E7B380027EBF2 /* Info.plist */,
			);
			path = AzApi;
			sourceTree = "<group>";
		};
		279AEBD52B8E7B510027EBF2 /* network */ = {
			isa = PBXGroup;
			children = (
				279AEBD62B8E7B7A0027EBF2 /* NetworkManager.swift */,
				279AEBD82B8E7CB00027EBF2 /* NetworkUtil.swift */,
			);
			path = network;
			sourceTree = "<group>";
		};
/* End PBXGroup section */

/* Begin PBXNativeTarget section */
		279AEBBD2B8E7B370027EBF2 /* AzApi */ = {
			isa = PBXNativeTarget;
			buildConfigurationList = 279AEBD22B8E7B380027EBF2 /* Build configuration list for PBXNativeTarget "AzApi" */;
			buildPhases = (
				279AEBBA2B8E7B370027EBF2 /* Sources */,
				279AEBBB2B8E7B370027EBF2 /* Frameworks */,
				279AEBBC2B8E7B370027EBF2 /* Resources */,
			);
			buildRules = (
			);
			dependencies = (
			);
			name = AzApi;
			productName = AzApi;
			productReference = 279AEBBE2B8E7B370027EBF2 /* AzApi.app */;
			productType = "com.apple.product-type.application";
		};
/* End PBXNativeTarget section */

/* Begin PBXProject section */
		279AEBB62B8E7B370027EBF2 /* Project object */ = {
			isa = PBXProject;
			attributes = {
				BuildIndependentTargetsInParallel = 1;
				LastSwiftUpdateCheck = 1520;
				LastUpgradeCheck = 1520;
				TargetAttributes = {
					279AEBBD2B8E7B370027EBF2 = {
						CreatedOnToolsVersion = 15.2;
					};
				};
			};
			buildConfigurationList = 279AEBB92B8E7B370027EBF2 /* Build configuration list for PBXProject "AzApi" */;
			compatibilityVersion = "Xcode 14.0";
			developmentRegion = en;
			hasScannedForEncodings = 0;
			knownRegions = (
				en,
				Base,
			);
			mainGroup = 279AEBB52B8E7B370027EBF2;
			productRefGroup = 279AEBBF2B8E7B370027EBF2 /* Products */;
			projectDirPath = "";
			projectRoot = "";
			targets = (
				279AEBBD2B8E7B370027EBF2 /* AzApi */,
			);
		};
/* End PBXProject section */

/* Begin PBXResourcesBuildPhase section */
		279AEBBC2B8E7B370027EBF2 /* Resources */ = {
			isa = PBXResourcesBuildPhase;
			buildActionMask = 2147483647;
			files = (
				279AEBCE2B8E7B380027EBF2 /* LaunchScreen.storyboard in Resources */,
				279AEBCB2B8E7B380027EBF2 /* Assets.xcassets in Resources */,
				279AEBC92B8E7B370027EBF2 /* Main.storyboard in Resources */,
			);
			runOnlyForDeploymentPostprocessing = 0;
		};
/* End PBXResourcesBuildPhase section */

/* Begin PBXSourcesBuildPhase section */
		279AEBBA2B8E7B370027EBF2 /* Sources */ = {
			isa = PBXSourcesBuildPhase;
			buildActionMask = 2147483647;
			files = (
				279AEBDB2B8E95A00027EBF2 /* FlightViewModel.swift in Sources */,
				27082A462B8F031E0040B42E /* FlightResponse.swift in Sources */,
				279AEBD92B8E7CB00027EBF2 /* NetworkUtil.swift in Sources */,
				279AEBD72B8E7B7B0027EBF2 /* NetworkManager.swift in Sources */,
				279AEBC62B8E7B370027EBF2 /* ViewController.swift in Sources */,
				279AEBC22B8E7B370027EBF2 /* AppDelegate.swift in Sources */,
				279AEBC42B8E7B370027EBF2 /* SceneDelegate.swift in Sources */,
			);
			runOnlyForDeploymentPostprocessing = 0;
		};
/* End PBXSourcesBuildPhase section */

/* Begin PBXVariantGroup section */
		279AEBC72B8E7B370027EBF2 /* Main.storyboard */ = {
			isa = PBXVariantGroup;
			children = (
				279AEBC82B8E7B370027EBF2 /* Base */,
			);
			name = Main.storyboard;
			sourceTree = "<group>";
		};
		279AEBCC2B8E7B380027EBF2 /* LaunchScreen.storyboard */ = {
			isa = PBXVariantGroup;
			children = (
				279AEBCD2B8E7B380027EBF2 /* Base */,
			);
			name = LaunchScreen.storyboard;
			sourceTree = "<group>";
		};
/* End PBXVariantGroup section */

/* Begin XCBuildConfiguration section */
		279AEBD02B8E7B380027EBF2 /* Debug */ = {
			isa = XCBuildConfiguration;
			buildSettings = {
				ALWAYS_SEARCH_USER_PATHS = NO;
				ASSETCATALOG_COMPILER_GENERATE_SWIFT_ASSET_SYMBOL_EXTENSIONS = YES;
				CLANG_ANALYZER_NONNULL = YES;
				CLANG_ANALYZER_NUMBER_OBJECT_CONVERSION = YES_AGGRESSIVE;
				CLANG_CXX_LANGUAGE_STANDARD = "gnu++20";
				CLANG_ENABLE_MODULES = YES;
				CLANG_ENABLE_OBJC_ARC = YES;
				CLANG_ENABLE_OBJC_WEAK = YES;
				CLANG_WARN_BLOCK_CAPTURE_AUTORELEASING = YES;
				CLANG_WARN_BOOL_CONVERSION = YES;
				CLANG_WARN_COMMA = YES;
				CLANG_WARN_CONSTANT_CONVERSION = YES;
				CLANG_WARN_DEPRECATED_OBJC_IMPLEMENTATIONS = YES;
				CLANG_WARN_DIRECT_OBJC_ISA_USAGE = YES_ERROR;
				CLANG_WARN_DOCUMENTATION_COMMENTS = YES;
				CLANG_WARN_EMPTY_BODY = YES;
				CLANG_WARN_ENUM_CONVERSION = YES;
				CLANG_WARN_INFINITE_RECURSION = YES;
				CLANG_WARN_INT_CONVERSION = YES;
				CLANG_WARN_NON_LITERAL_NULL_CONVERSION = YES;
				CLANG_WARN_OBJC_IMPLICIT_RETAIN_SELF = YES;
				CLANG_WARN_OBJC_LITERAL_CONVERSION = YES;
				CLANG_WARN_OBJC_ROOT_CLASS = YES_ERROR;
				CLANG_WARN_QUOTED_INCLUDE_IN_FRAMEWORK_HEADER = YES;
				CLANG_WARN_RANGE_LOOP_ANALYSIS = YES;
				CLANG_WARN_STRICT_PROTOTYPES = YES;
				CLANG_WARN_SUSPICIOUS_MOVE = YES;
				CLANG_WARN_UNGUARDED_AVAILABILITY = YES_AGGRESSIVE;
				CLANG_WARN_UNREACHABLE_CODE = YES;
				CLANG_WARN__DUPLICATE_METHOD_MATCH = YES;
				COPY_PHASE_STRIP = NO;
				DEBUG_INFORMATION_FORMAT = dwarf;
				ENABLE_STRICT_OBJC_MSGSEND = YES;
				ENABLE_TESTABILITY = YES;
				ENABLE_USER_SCRIPT_SANDBOXING = YES;
				GCC_C_LANGUAGE_STANDARD = gnu17;
				GCC_DYNAMIC_NO_PIC = NO;
				GCC_NO_COMMON_BLOCKS = YES;
				GCC_OPTIMIZATION_LEVEL = 0;
				GCC_PREPROCESSOR_DEFINITIONS = (
					"DEBUG=1",
					"$(inherited)",
				);
				GCC_WARN_64_TO_32_BIT_CONVERSION = YES;
				GCC_WARN_ABOUT_RETURN_TYPE = YES_ERROR;
				GCC_WARN_UNDECLARED_SELECTOR = YES;
				GCC_WARN_UNINITIALIZED_AUTOS = YES_AGGRESSIVE;
				GCC_WARN_UNUSED_FUNCTION = YES;
				GCC_WARN_UNUSED_VARIABLE = YES;
				IPHONEOS_DEPLOYMENT_TARGET = 17.2;
				LOCALIZATION_PREFERS_STRING_CATALOGS = YES;
				MTL_ENABLE_DEBUG_INFO = INCLUDE_SOURCE;
				MTL_FAST_MATH = YES;
				ONLY_ACTIVE_ARCH = YES;
				SDKROOT = iphoneos;
				SWIFT_ACTIVE_COMPILATION_CONDITIONS = "DEBUG $(inherited)";
				SWIFT_OPTIMIZATION_LEVEL = "-Onone";
			};
			name = Debug;
		};
		279AEBD12B8E7B380027EBF2 /* Release */ = {
			isa = XCBuildConfiguration;
			buildSettings = {
				ALWAYS_SEARCH_USER_PATHS = NO;
				ASSETCATALOG_COMPILER_GENERATE_SWIFT_ASSET_SYMBOL_EXTENSIONS = YES;
				CLANG_ANALYZER_NONNULL = YES;
				CLANG_ANALYZER_NUMBER_OBJECT_CONVERSION = YES_AGGRESSIVE;
				CLANG_CXX_LANGUAGE_STANDARD = "gnu++20";
				CLANG_ENABLE_MODULES = YES;
				CLANG_ENABLE_OBJC_ARC = YES;
				CLANG_ENABLE_OBJC_WEAK = YES;
				CLANG_WARN_BLOCK_CAPTURE_AUTORELEASING = YES;
				CLANG_WARN_BOOL_CONVERSION = YES;
				CLANG_WARN_COMMA = YES;
				CLANG_WARN_CONSTANT_CONVERSION = YES;
				CLANG_WARN_DEPRECATED_OBJC_IMPLEMENTATIONS = YES;
				CLANG_WARN_DIRECT_OBJC_ISA_USAGE = YES_ERROR;
				CLANG_WARN_DOCUMENTATION_COMMENTS = YES;
				CLANG_WARN_EMPTY_BODY = YES;
				CLANG_WARN_ENUM_CONVERSION = YES;
				CLANG_WARN_INFINITE_RECURSION = YES;
				CLANG_WARN_INT_CONVERSION = YES;
				CLANG_WARN_NON_LITERAL_NULL_CONVERSION = YES;
				CLANG_WARN_OBJC_IMPLICIT_RETAIN_SELF = YES;
				CLANG_WARN_OBJC_LITERAL_CONVERSION = YES;
				CLANG_WARN_OBJC_ROOT_CLASS = YES_ERROR;
				CLANG_WARN_QUOTED_INCLUDE_IN_FRAMEWORK_HEADER = YES;
				CLANG_WARN_RANGE_LOOP_ANALYSIS = YES;
				CLANG_WARN_STRICT_PROTOTYPES = YES;
				CLANG_WARN_SUSPICIOUS_MOVE = YES;
				CLANG_WARN_UNGUARDED_AVAILABILITY = YES_AGGRESSIVE;
				CLANG_WARN_UNREACHABLE_CODE = YES;
				CLANG_WARN__DUPLICATE_METHOD_MATCH = YES;
				COPY_PHASE_STRIP = NO;
				DEBUG_INFORMATION_FORMAT = "dwarf-with-dsym";
				ENABLE_NS_ASSERTIONS = NO;
				ENABLE_STRICT_OBJC_MSGSEND = YES;
				ENABLE_USER_SCRIPT_SANDBOXING = YES;
				GCC_C_LANGUAGE_STANDARD = gnu17;
				GCC_NO_COMMON_BLOCKS = YES;
				GCC_WARN_64_TO_32_BIT_CONVERSION = YES;
				GCC_WARN_ABOUT_RETURN_TYPE = YES_ERROR;
				GCC_WARN_UNDECLARED_SELECTOR = YES;
				GCC_WARN_UNINITIALIZED_AUTOS = YES_AGGRESSIVE;
				GCC_WARN_UNUSED_FUNCTION = YES;
				GCC_WARN_UNUSED_VARIABLE = YES;
				IPHONEOS_DEPLOYMENT_TARGET = 17.2;
				LOCALIZATION_PREFERS_STRING_CATALOGS = YES;
				MTL_ENABLE_DEBUG_INFO = NO;
				MTL_FAST_MATH = YES;
				SDKROOT = iphoneos;
				SWIFT_COMPILATION_MODE = wholemodule;
				VALIDATE_PRODUCT = YES;
			};
			name = Release;
		};
		279AEBD32B8E7B380027EBF2 /* Debug */ = {
			isa = XCBuildConfiguration;
			buildSettings = {
				ASSETCATALOG_COMPILER_APPICON_NAME = AppIcon;
				ASSETCATALOG_COMPILER_GLOBAL_ACCENT_COLOR_NAME = AccentColor;
				CODE_SIGN_STYLE = Automatic;
				CURRENT_PROJECT_VERSION = 1;
				DEVELOPMENT_TEAM = MBMB6B6ZAQ;
				GENERATE_INFOPLIST_FILE = YES;
				INFOPLIST_FILE = AzApi/Info.plist;
				INFOPLIST_KEY_UIApplicationSupportsIndirectInputEvents = YES;
				INFOPLIST_KEY_UILaunchStoryboardName = LaunchScreen;
				INFOPLIST_KEY_UIMainStoryboardFile = Main;
				INFOPLIST_KEY_UISupportedInterfaceOrientations_iPad = "UIInterfaceOrientationPortrait UIInterfaceOrientationPortraitUpsideDown UIInterfaceOrientationLandscapeLeft UIInterfaceOrientationLandscapeRight";
				INFOPLIST_KEY_UISupportedInterfaceOrientations_iPhone = "UIInterfaceOrientationPortrait UIInterfaceOrientationLandscapeLeft UIInterfaceOrientationLandscapeRight";
				LD_RUNPATH_SEARCH_PATHS = (
					"$(inherited)",
					"@executable_path/Frameworks",
				);
				MARKETING_VERSION = 1.0;
				PRODUCT_BUNDLE_IDENTIFIER = com.az.AzApi;
				PRODUCT_NAME = "$(TARGET_NAME)";
				SWIFT_EMIT_LOC_STRINGS = YES;
				SWIFT_VERSION = 5.0;
				TARGETED_DEVICE_FAMILY = "1,2";
			};
			name = Debug;
		};
		279AEBD42B8E7B380027EBF2 /* Release */ = {
			isa = XCBuildConfiguration;
			buildSettings = {
				ASSETCATALOG_COMPILER_APPICON_NAME = AppIcon;
				ASSETCATALOG_COMPILER_GLOBAL_ACCENT_COLOR_NAME = AccentColor;
				CODE_SIGN_STYLE = Automatic;
				CURRENT_PROJECT_VERSION = 1;
				DEVELOPMENT_TEAM = MBMB6B6ZAQ;
				GENERATE_INFOPLIST_FILE = YES;
				INFOPLIST_FILE = AzApi/Info.plist;
				INFOPLIST_KEY_UIApplicationSupportsIndirectInputEvents = YES;
				INFOPLIST_KEY_UILaunchStoryboardName = LaunchScreen;
				INFOPLIST_KEY_UIMainStoryboardFile = Main;
				INFOPLIST_KEY_UISupportedInterfaceOrientations_iPad = "UIInterfaceOrientationPortrait UIInterfaceOrientationPortraitUpsideDown UIInterfaceOrientationLandscapeLeft UIInterfaceOrientationLandscapeRight";
				INFOPLIST_KEY_UISupportedInterfaceOrientations_iPhone = "UIInterfaceOrientationPortrait UIInterfaceOrientationLandscapeLeft UIInterfaceOrientationLandscapeRight";
				LD_RUNPATH_SEARCH_PATHS = (
					"$(inherited)",
					"@executable_path/Frameworks",
				);
				MARKETING_VERSION = 1.0;
				PRODUCT_BUNDLE_IDENTIFIER = com.az.AzApi;
				PRODUCT_NAME = "$(TARGET_NAME)";
				SWIFT_EMIT_LOC_STRINGS = YES;
				SWIFT_VERSION = 5.0;
				TARGETED_DEVICE_FAMILY = "1,2";
			};
			name = Release;
		};
/* End XCBuildConfiguration section */

/* Begin XCConfigurationList section */
		279AEBB92B8E7B370027EBF2 /* Build configuration list for PBXProject "AzApi" */ = {
			isa = XCConfigurationList;
			buildConfigurations = (
				279AEBD02B8E7B380027EBF2 /* Debug */,
				279AEBD12B8E7B380027EBF2 /* Release */,
			);
			defaultConfigurationIsVisible = 0;
			defaultConfigurationName = Release;
		};
		279AEBD22B8E7B380027EBF2 /* Build configuration list for PBXNativeTarget "AzApi" */ = {
			isa = XCConfigurationList;
			buildConfigurations = (
				279AEBD32B8E7B380027EBF2 /* Debug */,
				279AEBD42B8E7B380027EBF2 /* Release */,
			);
			defaultConfigurationIsVisible = 0;
			defaultConfigurationName = Release;
		};
/* End XCConfigurationList section */
	};
	rootObject = 279AEBB62B8E7B370027EBF2 /* Project object */;
}
